
Microsoft Visual Studio Solution File, Format Version 12.00
# Visual Studio 15
VisualStudioVersion = 15.0.28307.271
MinimumVisualStudioVersion = 10.0.40219.1
Project("{9A19103F-16F7-4668-BE54-9A1E7A4F7556}") = "WebAPI", "WebAPI\WebAPI.csproj", "{3099BD4A-3203-45E8-A682-8A5C4119F9BA}"
EndProject
Project("{9A19103F-16F7-4668-BE54-9A1E7A4F7556}") = "Domain", "CORE\Domain.csproj", "{5665EB6F-0E67-40C8-BF70-B958877C6C72}"
EndProject
Project("{9A19103F-16F7-4668-BE54-9A1E7A4F7556}") = "WebMVC", "WebMVC\WebMVC.csproj", "{8C66318A-8252-4409-AB7D-2DAD86C7C385}"
EndProject
Project("{9A19103F-16F7-4668-BE54-9A1E7A4F7556}") = "Repository", "Repository\Repository.csproj", "{31E3F738-D6F2-40B5-B4A3-70D83CF6DADD}"
EndProject
Project("{9A19103F-16F7-4668-BE54-9A1E7A4F7556}") = "AppConsole", "AppConsole\AppConsole.csproj", "{607DCE0E-8FDA-4024-9066-458FF83A4213}"
EndProject
Project("{9A19103F-16F7-4668-BE54-9A1E7A4F7556}") = "Services", "Services\Services.csproj", "{F116DE46-26F8-4FD7-9EC5-6EEA962A8CE2}"
EndProject
Project("{2150E333-8FDC-42A3-9474-1A3956D46DE8}") = "0 - Web", "0 - Web", "{35798503-0605-4398-9148-393B355C08C7}"
EndProject
Project("{2150E333-8FDC-42A3-9474-1A3956D46DE8}") = "1 - Mobile", "1 - Mobile", "{A6CBF3D3-F943-4511-B34E-BC2C9412DF50}"
EndProject
Project("{2150E333-8FDC-42A3-9474-1A3956D46DE8}") = "2 - Dominio", "2 - Dominio", "{D728994D-0CAD-4D83-839F-B2996B59493A}"
EndProject
Project("{2150E333-8FDC-42A3-9474-1A3956D46DE8}") = "3 - Infra", "3 - Infra", "{A8614528-8D92-40AB-B33B-F7411CE5970B}"
EndProject
Project("{2150E333-8FDC-42A3-9474-1A3956D46DE8}") = "9 - Testes", "9 - Testes", "{28F9EE50-188E-4F60-A994-16CAFDE1DEEC}"
EndProject
Project("{9A19103F-16F7-4668-BE54-9A1E7A4F7556}") = "SServices", "SServices\SServices.csproj", "{790235FC-3969-4816-BCAA-8C81B31B7BB5}"
EndProject
Project("{FAE04EC0-301F-11D3-BF4B-00C04F79EFBC}") = "CrossNextMart.Android", "CrossNextMart\CrossNextMart.Android\CrossNextMart.Android.csproj", "{C22B5357-20AF-4BEB-BF98-31FE5065AE88}"
EndProject
Project("{FAE04EC0-301F-11D3-BF4B-00C04F79EFBC}") = "CrossNextMart.iOS", "CrossNextMart\CrossNextMart.iOS\CrossNextMart.iOS.csproj", "{BFD22320-14C9-4838-A452-DE92CA0EE7C8}"
EndProject
Project("{FAE04EC0-301F-11D3-BF4B-00C04F79EFBC}") = "CrossNextMart.UWP", "CrossNextMart\CrossNextMart.UWP\CrossNextMart.UWP.csproj", "{5EE12D08-4386-4133-91B4-FF1FC51BA005}"
EndProject
Project("{9A19103F-16F7-4668-BE54-9A1E7A4F7556}") = "CrossNextMart", "CrossNextMart\CrossNextMart\CrossNextMart.csproj", "{B3743B33-85C9-44F6-BAA2-2D8B7B943FCF}"
EndProject
Global
	GlobalSection(SolutionConfigurationPlatforms) = preSolution
		Ad-Hoc|Any CPU = Ad-Hoc|Any CPU
		Ad-Hoc|ARM = Ad-Hoc|ARM
		Ad-Hoc|iPhone = Ad-Hoc|iPhone
		Ad-Hoc|iPhoneSimulator = Ad-Hoc|iPhoneSimulator
		Ad-Hoc|x64 = Ad-Hoc|x64
		Ad-Hoc|x86 = Ad-Hoc|x86
		AppStore|Any CPU = AppStore|Any CPU
		AppStore|ARM = AppStore|ARM
		AppStore|iPhone = AppStore|iPhone
		AppStore|iPhoneSimulator = AppStore|iPhoneSimulator
		AppStore|x64 = AppStore|x64
		AppStore|x86 = AppStore|x86
		Debug|Any CPU = Debug|Any CPU
		Debug|ARM = Debug|ARM
		Debug|iPhone = Debug|iPhone
		Debug|iPhoneSimulator = Debug|iPhoneSimulator
		Debug|x64 = Debug|x64
		Debug|x86 = Debug|x86
		Release|Any CPU = Release|Any CPU
		Release|ARM = Release|ARM
		Release|iPhone = Release|iPhone
		Release|iPhoneSimulator = Release|iPhoneSimulator
		Release|x64 = Release|x64
		Release|x86 = Release|x86
	EndGlobalSection
	GlobalSection(ProjectConfigurationPlatforms) = postSolution
		{3099BD4A-3203-45E8-A682-8A5C4119F9BA}.Ad-Hoc|Any CPU.ActiveCfg = Release|Any CPU
		{3099BD4A-3203-45E8-A682-8A5C4119F9BA}.Ad-Hoc|Any CPU.Build.0 = Release|Any CPU
		{3099BD4A-3203-45E8-A682-8A5C4119F9BA}.Ad-Hoc|ARM.ActiveCfg = Release|Any CPU
		{3099BD4A-3203-45E8-A682-8A5C4119F9BA}.Ad-Hoc|ARM.Build.0 = Release|Any CPU
		{3099BD4A-3203-45E8-A682-8A5C4119F9BA}.Ad-Hoc|iPhone.ActiveCfg = Release|Any CPU
		{3099BD4A-3203-45E8-A682-8A5C4119F9BA}.Ad-Hoc|iPhone.Build.0 = Release|Any CPU
		{3099BD4A-3203-45E8-A682-8A5C4119F9BA}.Ad-Hoc|iPhoneSimulator.ActiveCfg = Release|Any CPU
		{3099BD4A-3203-45E8-A682-8A5C4119F9BA}.Ad-Hoc|iPhoneSimulator.Build.0 = Release|Any CPU
		{3099BD4A-3203-45E8-A682-8A5C4119F9BA}.Ad-Hoc|x64.ActiveCfg = Release|Any CPU
		{3099BD4A-3203-45E8-A682-8A5C4119F9BA}.Ad-Hoc|x64.Build.0 = Release|Any CPU
		{3099BD4A-3203-45E8-A682-8A5C4119F9BA}.Ad-Hoc|x86.ActiveCfg = Release|Any CPU
		{3099BD4A-3203-45E8-A682-8A5C4119F9BA}.Ad-Hoc|x86.Build.0 = Release|Any CPU
		{3099BD4A-3203-45E8-A682-8A5C4119F9BA}.AppStore|Any CPU.ActiveCfg = Release|Any CPU
		{3099BD4A-3203-45E8-A682-8A5C4119F9BA}.AppStore|Any CPU.Build.0 = Release|Any CPU
		{3099BD4A-3203-45E8-A682-8A5C4119F9BA}.AppStore|ARM.ActiveCfg = Release|Any CPU
		{3099BD4A-3203-45E8-A682-8A5C4119F9BA}.AppStore|ARM.Build.0 = Release|Any CPU
		{3099BD4A-3203-45E8-A682-8A5C4119F9BA}.AppStore|iPhone.ActiveCfg = Release|Any CPU
		{3099BD4A-3203-45E8-A682-8A5C4119F9BA}.AppStore|iPhone.Build.0 = Release|Any CPU
		{3099BD4A-3203-45E8-A682-8A5C4119F9BA}.AppStore|iPhoneSimulator.ActiveCfg = Release|Any CPU
		{3099BD4A-3203-45E8-A682-8A5C4119F9BA}.AppStore|iPhoneSimulator.Build.0 = Release|Any CPU
		{3099BD4A-3203-45E8-A682-8A5C4119F9BA}.AppStore|x64.ActiveCfg = Release|Any CPU
		{3099BD4A-3203-45E8-A682-8A5C4119F9BA}.AppStore|x64.Build.0 = Release|Any CPU
		{3099BD4A-3203-45E8-A682-8A5C4119F9BA}.AppStore|x86.ActiveCfg = Release|Any CPU
		{3099BD4A-3203-45E8-A682-8A5C4119F9BA}.AppStore|x86.Build.0 = Release|Any CPU
		{3099BD4A-3203-45E8-A682-8A5C4119F9BA}.Debug|Any CPU.ActiveCfg = Debug|Any CPU
		{3099BD4A-3203-45E8-A682-8A5C4119F9BA}.Debug|Any CPU.Build.0 = Debug|Any CPU
		{3099BD4A-3203-45E8-A682-8A5C4119F9BA}.Debug|ARM.ActiveCfg = Debug|Any CPU
		{3099BD4A-3203-45E8-A682-8A5C4119F9BA}.Debug|ARM.Build.0 = Debug|Any CPU
		{3099BD4A-3203-45E8-A682-8A5C4119F9BA}.Debug|iPhone.ActiveCfg = Debug|Any CPU
		{3099BD4A-3203-45E8-A682-8A5C4119F9BA}.Debug|iPhone.Build.0 = Debug|Any CPU
		{3099BD4A-3203-45E8-A682-8A5C4119F9BA}.Debug|iPhoneSimulator.ActiveCfg = Debug|Any CPU
		{3099BD4A-3203-45E8-A682-8A5C4119F9BA}.Debug|iPhoneSimulator.Build.0 = Debug|Any CPU
		{3099BD4A-3203-45E8-A682-8A5C4119F9BA}.Debug|x64.ActiveCfg = Debug|Any CPU
		{3099BD4A-3203-45E8-A682-8A5C4119F9BA}.Debug|x64.Build.0 = Debug|Any CPU
		{3099BD4A-3203-45E8-A682-8A5C4119F9BA}.Debug|x86.ActiveCfg = Debug|Any CPU
		{3099BD4A-3203-45E8-A682-8A5C4119F9BA}.Debug|x86.Build.0 = Debug|Any CPU
		{3099BD4A-3203-45E8-A682-8A5C4119F9BA}.Release|Any CPU.ActiveCfg = Release|Any CPU
		{3099BD4A-3203-45E8-A682-8A5C4119F9BA}.Release|Any CPU.Build.0 = Release|Any CPU
		{3099BD4A-3203-45E8-A682-8A5C4119F9BA}.Release|ARM.ActiveCfg = Release|Any CPU
		{3099BD4A-3203-45E8-A682-8A5C4119F9BA}.Release|ARM.Build.0 = Release|Any CPU
		{3099BD4A-3203-45E8-A682-8A5C4119F9BA}.Release|iPhone.ActiveCfg = Release|Any CPU
		{3099BD4A-3203-45E8-A682-8A5C4119F9BA}.Release|iPhone.Build.0 = Release|Any CPU
		{3099BD4A-3203-45E8-A682-8A5C4119F9BA}.Release|iPhoneSimulator.ActiveCfg = Release|Any CPU
		{3099BD4A-3203-45E8-A682-8A5C4119F9BA}.Release|iPhoneSimulator.Build.0 = Release|Any CPU
		{3099BD4A-3203-45E8-A682-8A5C4119F9BA}.Release|x64.ActiveCfg = Release|Any CPU
		{3099BD4A-3203-45E8-A682-8A5C4119F9BA}.Release|x64.Build.0 = Release|Any CPU
		{3099BD4A-3203-45E8-A682-8A5C4119F9BA}.Release|x86.ActiveCfg = Release|Any CPU
		{3099BD4A-3203-45E8-A682-8A5C4119F9BA}.Release|x86.Build.0 = Release|Any CPU
		{5665EB6F-0E67-40C8-BF70-B958877C6C72}.Ad-Hoc|Any CPU.ActiveCfg = Debug|Any CPU
		{5665EB6F-0E67-40C8-BF70-B958877C6C72}.Ad-Hoc|Any CPU.Build.0 = Debug|Any CPU
		{5665EB6F-0E67-40C8-BF70-B958877C6C72}.Ad-Hoc|ARM.ActiveCfg = Debug|Any CPU
		{5665EB6F-0E67-40C8-BF70-B958877C6C72}.Ad-Hoc|ARM.Build.0 = Debug|Any CPU
		{5665EB6F-0E67-40C8-BF70-B958877C6C72}.Ad-Hoc|iPhone.ActiveCfg = Debug|Any CPU
		{5665EB6F-0E67-40C8-BF70-B958877C6C72}.Ad-Hoc|iPhone.Build.0 = Debug|Any CPU
		{5665EB6F-0E67-40C8-BF70-B958877C6C72}.Ad-Hoc|iPhoneSimulator.ActiveCfg = Debug|Any CPU
		{5665EB6F-0E67-40C8-BF70-B958877C6C72}.Ad-Hoc|iPhoneSimulator.Build.0 = Debug|Any CPU
		{5665EB6F-0E67-40C8-BF70-B958877C6C72}.Ad-Hoc|x64.ActiveCfg = Debug|Any CPU
		{5665EB6F-0E67-40C8-BF70-B958877C6C72}.Ad-Hoc|x64.Build.0 = Debug|Any CPU
		{5665EB6F-0E67-40C8-BF70-B958877C6C72}.Ad-Hoc|x86.ActiveCfg = Debug|Any CPU
		{5665EB6F-0E67-40C8-BF70-B958877C6C72}.Ad-Hoc|x86.Build.0 = Debug|Any CPU
		{5665EB6F-0E67-40C8-BF70-B958877C6C72}.AppStore|Any CPU.ActiveCfg = Debug|Any CPU
		{5665EB6F-0E67-40C8-BF70-B958877C6C72}.AppStore|Any CPU.Build.0 = Debug|Any CPU
		{5665EB6F-0E67-40C8-BF70-B958877C6C72}.AppStore|ARM.ActiveCfg = Debug|Any CPU
		{5665EB6F-0E67-40C8-BF70-B958877C6C72}.AppStore|ARM.Build.0 = Debug|Any CPU
		{5665EB6F-0E67-40C8-BF70-B958877C6C72}.AppStore|iPhone.ActiveCfg = Debug|Any CPU
		{5665EB6F-0E67-40C8-BF70-B958877C6C72}.AppStore|iPhone.Build.0 = Debug|Any CPU
		{5665EB6F-0E67-40C8-BF70-B958877C6C72}.AppStore|iPhoneSimulator.ActiveCfg = Debug|Any CPU
		{5665EB6F-0E67-40C8-BF70-B958877C6C72}.AppStore|iPhoneSimulator.Build.0 = Debug|Any CPU
		{5665EB6F-0E67-40C8-BF70-B958877C6C72}.AppStore|x64.ActiveCfg = Debug|Any CPU
		{5665EB6F-0E67-40C8-BF70-B958877C6C72}.AppStore|x64.Build.0 = Debug|Any CPU
		{5665EB6F-0E67-40C8-BF70-B958877C6C72}.AppStore|x86.ActiveCfg = Debug|Any CPU
		{5665EB6F-0E67-40C8-BF70-B958877C6C72}.AppStore|x86.Build.0 = Debug|Any CPU
		{5665EB6F-0E67-40C8-BF70-B958877C6C72}.Debug|Any CPU.ActiveCfg = Debug|Any CPU
		{5665EB6F-0E67-40C8-BF70-B958877C6C72}.Debug|Any CPU.Build.0 = Debug|Any CPU
		{5665EB6F-0E67-40C8-BF70-B958877C6C72}.Debug|ARM.ActiveCfg = Debug|Any CPU
		{5665EB6F-0E67-40C8-BF70-B958877C6C72}.Debug|ARM.Build.0 = Debug|Any CPU
		{5665EB6F-0E67-40C8-BF70-B958877C6C72}.Debug|iPhone.ActiveCfg = Debug|Any CPU
		{5665EB6F-0E67-40C8-BF70-B958877C6C72}.Debug|iPhone.Build.0 = Debug|Any CPU
		{5665EB6F-0E67-40C8-BF70-B958877C6C72}.Debug|iPhoneSimulator.ActiveCfg = Debug|Any CPU
		{5665EB6F-0E67-40C8-BF70-B958877C6C72}.Debug|iPhoneSimulator.Build.0 = Debug|Any CPU
		{5665EB6F-0E67-40C8-BF70-B958877C6C72}.Debug|x64.ActiveCfg = Debug|Any CPU
		{5665EB6F-0E67-40C8-BF70-B958877C6C72}.Debug|x64.Build.0 = Debug|Any CPU
		{5665EB6F-0E67-40C8-BF70-B958877C6C72}.Debug|x86.ActiveCfg = Debug|Any CPU
		{5665EB6F-0E67-40C8-BF70-B958877C6C72}.Debug|x86.Build.0 = Debug|Any CPU
		{5665EB6F-0E67-40C8-BF70-B958877C6C72}.Release|Any CPU.ActiveCfg = Release|Any CPU
		{5665EB6F-0E67-40C8-BF70-B958877C6C72}.Release|Any CPU.Build.0 = Release|Any CPU
		{5665EB6F-0E67-40C8-BF70-B958877C6C72}.Release|ARM.ActiveCfg = Release|Any CPU
		{5665EB6F-0E67-40C8-BF70-B958877C6C72}.Release|ARM.Build.0 = Release|Any CPU
		{5665EB6F-0E67-40C8-BF70-B958877C6C72}.Release|iPhone.ActiveCfg = Release|Any CPU
		{5665EB6F-0E67-40C8-BF70-B958877C6C72}.Release|iPhone.Build.0 = Release|Any CPU
		{5665EB6F-0E67-40C8-BF70-B958877C6C72}.Release|iPhoneSimulator.ActiveCfg = Release|Any CPU
		{5665EB6F-0E67-40C8-BF70-B958877C6C72}.Release|iPhoneSimulator.Build.0 = Release|Any CPU
		{5665EB6F-0E67-40C8-BF70-B958877C6C72}.Release|x64.ActiveCfg = Release|Any CPU
		{5665EB6F-0E67-40C8-BF70-B958877C6C72}.Release|x64.Build.0 = Release|Any CPU
		{5665EB6F-0E67-40C8-BF70-B958877C6C72}.Release|x86.ActiveCfg = Release|Any CPU
		{5665EB6F-0E67-40C8-BF70-B958877C6C72}.Release|x86.Build.0 = Release|Any CPU
		{8C66318A-8252-4409-AB7D-2DAD86C7C385}.Ad-Hoc|Any CPU.ActiveCfg = Debug|Any CPU
		{8C66318A-8252-4409-AB7D-2DAD86C7C385}.Ad-Hoc|Any CPU.Build.0 = Debug|Any CPU
		{8C66318A-8252-4409-AB7D-2DAD86C7C385}.Ad-Hoc|ARM.ActiveCfg = Debug|Any CPU
		{8C66318A-8252-4409-AB7D-2DAD86C7C385}.Ad-Hoc|ARM.Build.0 = Debug|Any CPU
		{8C66318A-8252-4409-AB7D-2DAD86C7C385}.Ad-Hoc|iPhone.ActiveCfg = Debug|Any CPU
		{8C66318A-8252-4409-AB7D-2DAD86C7C385}.Ad-Hoc|iPhone.Build.0 = Debug|Any CPU
		{8C66318A-8252-4409-AB7D-2DAD86C7C385}.Ad-Hoc|iPhoneSimulator.ActiveCfg = Debug|Any CPU
		{8C66318A-8252-4409-AB7D-2DAD86C7C385}.Ad-Hoc|iPhoneSimulator.Build.0 = Debug|Any CPU
		{8C66318A-8252-4409-AB7D-2DAD86C7C385}.Ad-Hoc|x64.ActiveCfg = Debug|Any CPU
		{8C66318A-8252-4409-AB7D-2DAD86C7C385}.Ad-Hoc|x64.Build.0 = Debug|Any CPU
		{8C66318A-8252-4409-AB7D-2DAD86C7C385}.Ad-Hoc|x86.ActiveCfg = Debug|Any CPU
		{8C66318A-8252-4409-AB7D-2DAD86C7C385}.Ad-Hoc|x86.Build.0 = Debug|Any CPU
		{8C66318A-8252-4409-AB7D-2DAD86C7C385}.AppStore|Any CPU.ActiveCfg = Debug|Any CPU
		{8C66318A-8252-4409-AB7D-2DAD86C7C385}.AppStore|Any CPU.Build.0 = Debug|Any CPU
		{8C66318A-8252-4409-AB7D-2DAD86C7C385}.AppStore|ARM.ActiveCfg = Debug|Any CPU
		{8C66318A-8252-4409-AB7D-2DAD86C7C385}.AppStore|ARM.Build.0 = Debug|Any CPU
		{8C66318A-8252-4409-AB7D-2DAD86C7C385}.AppStore|iPhone.ActiveCfg = Debug|Any CPU
		{8C66318A-8252-4409-AB7D-2DAD86C7C385}.AppStore|iPhone.Build.0 = Debug|Any CPU
		{8C66318A-8252-4409-AB7D-2DAD86C7C385}.AppStore|iPhoneSimulator.ActiveCfg = Debug|Any CPU
		{8C66318A-8252-4409-AB7D-2DAD86C7C385}.AppStore|iPhoneSimulator.Build.0 = Debug|Any CPU
		{8C66318A-8252-4409-AB7D-2DAD86C7C385}.AppStore|x64.ActiveCfg = Debug|Any CPU
		{8C66318A-8252-4409-AB7D-2DAD86C7C385}.AppStore|x64.Build.0 = Debug|Any CPU
		{8C66318A-8252-4409-AB7D-2DAD86C7C385}.AppStore|x86.ActiveCfg = Debug|Any CPU
		{8C66318A-8252-4409-AB7D-2DAD86C7C385}.AppStore|x86.Build.0 = Debug|Any CPU
		{8C66318A-8252-4409-AB7D-2DAD86C7C385}.Debug|Any CPU.ActiveCfg = Debug|Any CPU
		{8C66318A-8252-4409-AB7D-2DAD86C7C385}.Debug|Any CPU.Build.0 = Debug|Any CPU
		{8C66318A-8252-4409-AB7D-2DAD86C7C385}.Debug|ARM.ActiveCfg = Debug|Any CPU
		{8C66318A-8252-4409-AB7D-2DAD86C7C385}.Debug|ARM.Build.0 = Debug|Any CPU
		{8C66318A-8252-4409-AB7D-2DAD86C7C385}.Debug|iPhone.ActiveCfg = Debug|Any CPU
		{8C66318A-8252-4409-AB7D-2DAD86C7C385}.Debug|iPhone.Build.0 = Debug|Any CPU
		{8C66318A-8252-4409-AB7D-2DAD86C7C385}.Debug|iPhoneSimulator.ActiveCfg = Debug|Any CPU
		{8C66318A-8252-4409-AB7D-2DAD86C7C385}.Debug|iPhoneSimulator.Build.0 = Debug|Any CPU
		{8C66318A-8252-4409-AB7D-2DAD86C7C385}.Debug|x64.ActiveCfg = Debug|Any CPU
		{8C66318A-8252-4409-AB7D-2DAD86C7C385}.Debug|x64.Build.0 = Debug|Any CPU
		{8C66318A-8252-4409-AB7D-2DAD86C7C385}.Debug|x86.ActiveCfg = Debug|Any CPU
		{8C66318A-8252-4409-AB7D-2DAD86C7C385}.Debug|x86.Build.0 = Debug|Any CPU
		{8C66318A-8252-4409-AB7D-2DAD86C7C385}.Release|Any CPU.ActiveCfg = Release|Any CPU
		{8C66318A-8252-4409-AB7D-2DAD86C7C385}.Release|Any CPU.Build.0 = Release|Any CPU
		{8C66318A-8252-4409-AB7D-2DAD86C7C385}.Release|ARM.ActiveCfg = Release|Any CPU
		{8C66318A-8252-4409-AB7D-2DAD86C7C385}.Release|ARM.Build.0 = Release|Any CPU
		{8C66318A-8252-4409-AB7D-2DAD86C7C385}.Release|iPhone.ActiveCfg = Release|Any CPU
		{8C66318A-8252-4409-AB7D-2DAD86C7C385}.Release|iPhone.Build.0 = Release|Any CPU
		{8C66318A-8252-4409-AB7D-2DAD86C7C385}.Release|iPhoneSimulator.ActiveCfg = Release|Any CPU
		{8C66318A-8252-4409-AB7D-2DAD86C7C385}.Release|iPhoneSimulator.Build.0 = Release|Any CPU
		{8C66318A-8252-4409-AB7D-2DAD86C7C385}.Release|x64.ActiveCfg = Release|Any CPU
		{8C66318A-8252-4409-AB7D-2DAD86C7C385}.Release|x64.Build.0 = Release|Any CPU
		{8C66318A-8252-4409-AB7D-2DAD86C7C385}.Release|x86.ActiveCfg = Release|Any CPU
		{8C66318A-8252-4409-AB7D-2DAD86C7C385}.Release|x86.Build.0 = Release|Any CPU
		{31E3F738-D6F2-40B5-B4A3-70D83CF6DADD}.Ad-Hoc|Any CPU.ActiveCfg = Debug|Any CPU
		{31E3F738-D6F2-40B5-B4A3-70D83CF6DADD}.Ad-Hoc|Any CPU.Build.0 = Debug|Any CPU
		{31E3F738-D6F2-40B5-B4A3-70D83CF6DADD}.Ad-Hoc|ARM.ActiveCfg = Debug|Any CPU
		{31E3F738-D6F2-40B5-B4A3-70D83CF6DADD}.Ad-Hoc|ARM.Build.0 = Debug|Any CPU
		{31E3F738-D6F2-40B5-B4A3-70D83CF6DADD}.Ad-Hoc|iPhone.ActiveCfg = Debug|Any CPU
		{31E3F738-D6F2-40B5-B4A3-70D83CF6DADD}.Ad-Hoc|iPhone.Build.0 = Debug|Any CPU
		{31E3F738-D6F2-40B5-B4A3-70D83CF6DADD}.Ad-Hoc|iPhoneSimulator.ActiveCfg = Debug|Any CPU
		{31E3F738-D6F2-40B5-B4A3-70D83CF6DADD}.Ad-Hoc|iPhoneSimulator.Build.0 = Debug|Any CPU
		{31E3F738-D6F2-40B5-B4A3-70D83CF6DADD}.Ad-Hoc|x64.ActiveCfg = Debug|Any CPU
		{31E3F738-D6F2-40B5-B4A3-70D83CF6DADD}.Ad-Hoc|x64.Build.0 = Debug|Any CPU
		{31E3F738-D6F2-40B5-B4A3-70D83CF6DADD}.Ad-Hoc|x86.ActiveCfg = Debug|Any CPU
		{31E3F738-D6F2-40B5-B4A3-70D83CF6DADD}.Ad-Hoc|x86.Build.0 = Debug|Any CPU
		{31E3F738-D6F2-40B5-B4A3-70D83CF6DADD}.AppStore|Any CPU.ActiveCfg = Debug|Any CPU
		{31E3F738-D6F2-40B5-B4A3-70D83CF6DADD}.AppStore|Any CPU.Build.0 = Debug|Any CPU
		{31E3F738-D6F2-40B5-B4A3-70D83CF6DADD}.AppStore|ARM.ActiveCfg = Debug|Any CPU
		{31E3F738-D6F2-40B5-B4A3-70D83CF6DADD}.AppStore|ARM.Build.0 = Debug|Any CPU
		{31E3F738-D6F2-40B5-B4A3-70D83CF6DADD}.AppStore|iPhone.ActiveCfg = Debug|Any CPU
		{31E3F738-D6F2-40B5-B4A3-70D83CF6DADD}.AppStore|iPhone.Build.0 = Debug|Any CPU
		{31E3F738-D6F2-40B5-B4A3-70D83CF6DADD}.AppStore|iPhoneSimulator.ActiveCfg = Debug|Any CPU
		{31E3F738-D6F2-40B5-B4A3-70D83CF6DADD}.AppStore|iPhoneSimulator.Build.0 = Debug|Any CPU
		{31E3F738-D6F2-40B5-B4A3-70D83CF6DADD}.AppStore|x64.ActiveCfg = Debug|Any CPU
		{31E3F738-D6F2-40B5-B4A3-70D83CF6DADD}.AppStore|x64.Build.0 = Debug|Any CPU
		{31E3F738-D6F2-40B5-B4A3-70D83CF6DADD}.AppStore|x86.ActiveCfg = Debug|Any CPU
		{31E3F738-D6F2-40B5-B4A3-70D83CF6DADD}.AppStore|x86.Build.0 = Debug|Any CPU
		{31E3F738-D6F2-40B5-B4A3-70D83CF6DADD}.Debug|Any CPU.ActiveCfg = Debug|Any CPU
		{31E3F738-D6F2-40B5-B4A3-70D83CF6DADD}.Debug|Any CPU.Build.0 = Debug|Any CPU
		{31E3F738-D6F2-40B5-B4A3-70D83CF6DADD}.Debug|ARM.ActiveCfg = Debug|Any CPU
		{31E3F738-D6F2-40B5-B4A3-70D83CF6DADD}.Debug|ARM.Build.0 = Debug|Any CPU
		{31E3F738-D6F2-40B5-B4A3-70D83CF6DADD}.Debug|iPhone.ActiveCfg = Debug|Any CPU
		{31E3F738-D6F2-40B5-B4A3-70D83CF6DADD}.Debug|iPhone.Build.0 = Debug|Any CPU
		{31E3F738-D6F2-40B5-B4A3-70D83CF6DADD}.Debug|iPhoneSimulator.ActiveCfg = Debug|Any CPU
		{31E3F738-D6F2-40B5-B4A3-70D83CF6DADD}.Debug|iPhoneSimulator.Build.0 = Debug|Any CPU
		{31E3F738-D6F2-40B5-B4A3-70D83CF6DADD}.Debug|x64.ActiveCfg = Debug|Any CPU
		{31E3F738-D6F2-40B5-B4A3-70D83CF6DADD}.Debug|x64.Build.0 = Debug|Any CPU
		{31E3F738-D6F2-40B5-B4A3-70D83CF6DADD}.Debug|x86.ActiveCfg = Debug|Any CPU
		{31E3F738-D6F2-40B5-B4A3-70D83CF6DADD}.Debug|x86.Build.0 = Debug|Any CPU
		{31E3F738-D6F2-40B5-B4A3-70D83CF6DADD}.Release|Any CPU.ActiveCfg = Release|Any CPU
		{31E3F738-D6F2-40B5-B4A3-70D83CF6DADD}.Release|Any CPU.Build.0 = Release|Any CPU
		{31E3F738-D6F2-40B5-B4A3-70D83CF6DADD}.Release|ARM.ActiveCfg = Release|Any CPU
		{31E3F738-D6F2-40B5-B4A3-70D83CF6DADD}.Release|ARM.Build.0 = Release|Any CPU
		{31E3F738-D6F2-40B5-B4A3-70D83CF6DADD}.Release|iPhone.ActiveCfg = Release|Any CPU
		{31E3F738-D6F2-40B5-B4A3-70D83CF6DADD}.Release|iPhone.Build.0 = Release|Any CPU
		{31E3F738-D6F2-40B5-B4A3-70D83CF6DADD}.Release|iPhoneSimulator.ActiveCfg = Release|Any CPU
		{31E3F738-D6F2-40B5-B4A3-70D83CF6DADD}.Release|iPhoneSimulator.Build.0 = Release|Any CPU
		{31E3F738-D6F2-40B5-B4A3-70D83CF6DADD}.Release|x64.ActiveCfg = Release|Any CPU
		{31E3F738-D6F2-40B5-B4A3-70D83CF6DADD}.Release|x64.Build.0 = Release|Any CPU
		{31E3F738-D6F2-40B5-B4A3-70D83CF6DADD}.Release|x86.ActiveCfg = Release|Any CPU
		{31E3F738-D6F2-40B5-B4A3-70D83CF6DADD}.Release|x86.Build.0 = Release|Any CPU
		{607DCE0E-8FDA-4024-9066-458FF83A4213}.Ad-Hoc|Any CPU.ActiveCfg = Debug|Any CPU
		{607DCE0E-8FDA-4024-9066-458FF83A4213}.Ad-Hoc|Any CPU.Build.0 = Debug|Any CPU
		{607DCE0E-8FDA-4024-9066-458FF83A4213}.Ad-Hoc|ARM.ActiveCfg = Debug|Any CPU
		{607DCE0E-8FDA-4024-9066-458FF83A4213}.Ad-Hoc|ARM.Build.0 = Debug|Any CPU
		{607DCE0E-8FDA-4024-9066-458FF83A4213}.Ad-Hoc|iPhone.ActiveCfg = Debug|Any CPU
		{607DCE0E-8FDA-4024-9066-458FF83A4213}.Ad-Hoc|iPhone.Build.0 = Debug|Any CPU
		{607DCE0E-8FDA-4024-9066-458FF83A4213}.Ad-Hoc|iPhoneSimulator.ActiveCfg = Debug|Any CPU
		{607DCE0E-8FDA-4024-9066-458FF83A4213}.Ad-Hoc|iPhoneSimulator.Build.0 = Debug|Any CPU
		{607DCE0E-8FDA-4024-9066-458FF83A4213}.Ad-Hoc|x64.ActiveCfg = Debug|Any CPU
		{607DCE0E-8FDA-4024-9066-458FF83A4213}.Ad-Hoc|x64.Build.0 = Debug|Any CPU
		{607DCE0E-8FDA-4024-9066-458FF83A4213}.Ad-Hoc|x86.ActiveCfg = Debug|Any CPU
		{607DCE0E-8FDA-4024-9066-458FF83A4213}.Ad-Hoc|x86.Build.0 = Debug|Any CPU
		{607DCE0E-8FDA-4024-9066-458FF83A4213}.AppStore|Any CPU.ActiveCfg = Debug|Any CPU
		{607DCE0E-8FDA-4024-9066-458FF83A4213}.AppStore|Any CPU.Build.0 = Debug|Any CPU
		{607DCE0E-8FDA-4024-9066-458FF83A4213}.AppStore|ARM.ActiveCfg = Debug|Any CPU
		{607DCE0E-8FDA-4024-9066-458FF83A4213}.AppStore|ARM.Build.0 = Debug|Any CPU
		{607DCE0E-8FDA-4024-9066-458FF83A4213}.AppStore|iPhone.ActiveCfg = Debug|Any CPU
		{607DCE0E-8FDA-4024-9066-458FF83A4213}.AppStore|iPhone.Build.0 = Debug|Any CPU
		{607DCE0E-8FDA-4024-9066-458FF83A4213}.AppStore|iPhoneSimulator.ActiveCfg = Debug|Any CPU
		{607DCE0E-8FDA-4024-9066-458FF83A4213}.AppStore|iPhoneSimulator.Build.0 = Debug|Any CPU
		{607DCE0E-8FDA-4024-9066-458FF83A4213}.AppStore|x64.ActiveCfg = Debug|Any CPU
		{607DCE0E-8FDA-4024-9066-458FF83A4213}.AppStore|x64.Build.0 = Debug|Any CPU
		{607DCE0E-8FDA-4024-9066-458FF83A4213}.AppStore|x86.ActiveCfg = Debug|Any CPU
		{607DCE0E-8FDA-4024-9066-458FF83A4213}.AppStore|x86.Build.0 = Debug|Any CPU
		{607DCE0E-8FDA-4024-9066-458FF83A4213}.Debug|Any CPU.ActiveCfg = Debug|Any CPU
		{607DCE0E-8FDA-4024-9066-458FF83A4213}.Debug|Any CPU.Build.0 = Debug|Any CPU
		{607DCE0E-8FDA-4024-9066-458FF83A4213}.Debug|ARM.ActiveCfg = Debug|Any CPU
		{607DCE0E-8FDA-4024-9066-458FF83A4213}.Debug|ARM.Build.0 = Debug|Any CPU
		{607DCE0E-8FDA-4024-9066-458FF83A4213}.Debug|iPhone.ActiveCfg = Debug|Any CPU
		{607DCE0E-8FDA-4024-9066-458FF83A4213}.Debug|iPhone.Build.0 = Debug|Any CPU
		{607DCE0E-8FDA-4024-9066-458FF83A4213}.Debug|iPhoneSimulator.ActiveCfg = Debug|Any CPU
		{607DCE0E-8FDA-4024-9066-458FF83A4213}.Debug|iPhoneSimulator.Build.0 = Debug|Any CPU
		{607DCE0E-8FDA-4024-9066-458FF83A4213}.Debug|x64.ActiveCfg = Debug|Any CPU
		{607DCE0E-8FDA-4024-9066-458FF83A4213}.Debug|x64.Build.0 = Debug|Any CPU
		{607DCE0E-8FDA-4024-9066-458FF83A4213}.Debug|x86.ActiveCfg = Debug|Any CPU
		{607DCE0E-8FDA-4024-9066-458FF83A4213}.Debug|x86.Build.0 = Debug|Any CPU
		{607DCE0E-8FDA-4024-9066-458FF83A4213}.Release|Any CPU.ActiveCfg = Release|Any CPU
		{607DCE0E-8FDA-4024-9066-458FF83A4213}.Release|Any CPU.Build.0 = Release|Any CPU
		{607DCE0E-8FDA-4024-9066-458FF83A4213}.Release|ARM.ActiveCfg = Release|Any CPU
		{607DCE0E-8FDA-4024-9066-458FF83A4213}.Release|ARM.Build.0 = Release|Any CPU
		{607DCE0E-8FDA-4024-9066-458FF83A4213}.Release|iPhone.ActiveCfg = Release|Any CPU
		{607DCE0E-8FDA-4024-9066-458FF83A4213}.Release|iPhone.Build.0 = Release|Any CPU
		{607DCE0E-8FDA-4024-9066-458FF83A4213}.Release|iPhoneSimulator.ActiveCfg = Release|Any CPU
		{607DCE0E-8FDA-4024-9066-458FF83A4213}.Release|iPhoneSimulator.Build.0 = Release|Any CPU
		{607DCE0E-8FDA-4024-9066-458FF83A4213}.Release|x64.ActiveCfg = Release|Any CPU
		{607DCE0E-8FDA-4024-9066-458FF83A4213}.Release|x64.Build.0 = Release|Any CPU
		{607DCE0E-8FDA-4024-9066-458FF83A4213}.Release|x86.ActiveCfg = Release|Any CPU
		{607DCE0E-8FDA-4024-9066-458FF83A4213}.Release|x86.Build.0 = Release|Any CPU
		{F116DE46-26F8-4FD7-9EC5-6EEA962A8CE2}.Ad-Hoc|Any CPU.ActiveCfg = Debug|Any CPU
		{F116DE46-26F8-4FD7-9EC5-6EEA962A8CE2}.Ad-Hoc|Any CPU.Build.0 = Debug|Any CPU
		{F116DE46-26F8-4FD7-9EC5-6EEA962A8CE2}.Ad-Hoc|ARM.ActiveCfg = Debug|Any CPU
		{F116DE46-26F8-4FD7-9EC5-6EEA962A8CE2}.Ad-Hoc|ARM.Build.0 = Debug|Any CPU
		{F116DE46-26F8-4FD7-9EC5-6EEA962A8CE2}.Ad-Hoc|iPhone.ActiveCfg = Debug|Any CPU
		{F116DE46-26F8-4FD7-9EC5-6EEA962A8CE2}.Ad-Hoc|iPhone.Build.0 = Debug|Any CPU
		{F116DE46-26F8-4FD7-9EC5-6EEA962A8CE2}.Ad-Hoc|iPhoneSimulator.ActiveCfg = Debug|Any CPU
		{F116DE46-26F8-4FD7-9EC5-6EEA962A8CE2}.Ad-Hoc|iPhoneSimulator.Build.0 = Debug|Any CPU
		{F116DE46-26F8-4FD7-9EC5-6EEA962A8CE2}.Ad-Hoc|x64.ActiveCfg = Debug|Any CPU
		{F116DE46-26F8-4FD7-9EC5-6EEA962A8CE2}.Ad-Hoc|x64.Build.0 = Debug|Any CPU
		{F116DE46-26F8-4FD7-9EC5-6EEA962A8CE2}.Ad-Hoc|x86.ActiveCfg = Debug|Any CPU
		{F116DE46-26F8-4FD7-9EC5-6EEA962A8CE2}.Ad-Hoc|x86.Build.0 = Debug|Any CPU
		{F116DE46-26F8-4FD7-9EC5-6EEA962A8CE2}.AppStore|Any CPU.ActiveCfg = Debug|Any CPU
		{F116DE46-26F8-4FD7-9EC5-6EEA962A8CE2}.AppStore|Any CPU.Build.0 = Debug|Any CPU
		{F116DE46-26F8-4FD7-9EC5-6EEA962A8CE2}.AppStore|ARM.ActiveCfg = Debug|Any CPU
		{F116DE46-26F8-4FD7-9EC5-6EEA962A8CE2}.AppStore|ARM.Build.0 = Debug|Any CPU
		{F116DE46-26F8-4FD7-9EC5-6EEA962A8CE2}.AppStore|iPhone.ActiveCfg = Debug|Any CPU
		{F116DE46-26F8-4FD7-9EC5-6EEA962A8CE2}.AppStore|iPhone.Build.0 = Debug|Any CPU
		{F116DE46-26F8-4FD7-9EC5-6EEA962A8CE2}.AppStore|iPhoneSimulator.ActiveCfg = Debug|Any CPU
		{F116DE46-26F8-4FD7-9EC5-6EEA962A8CE2}.AppStore|iPhoneSimulator.Build.0 = Debug|Any CPU
		{F116DE46-26F8-4FD7-9EC5-6EEA962A8CE2}.AppStore|x64.ActiveCfg = Debug|Any CPU
		{F116DE46-26F8-4FD7-9EC5-6EEA962A8CE2}.AppStore|x64.Build.0 = Debug|Any CPU
		{F116DE46-26F8-4FD7-9EC5-6EEA962A8CE2}.AppStore|x86.ActiveCfg = Debug|Any CPU
		{F116DE46-26F8-4FD7-9EC5-6EEA962A8CE2}.AppStore|x86.Build.0 = Debug|Any CPU
		{F116DE46-26F8-4FD7-9EC5-6EEA962A8CE2}.Debug|Any CPU.ActiveCfg = Debug|Any CPU
		{F116DE46-26F8-4FD7-9EC5-6EEA962A8CE2}.Debug|Any CPU.Build.0 = Debug|Any CPU
		{F116DE46-26F8-4FD7-9EC5-6EEA962A8CE2}.Debug|ARM.ActiveCfg = Debug|Any CPU
		{F116DE46-26F8-4FD7-9EC5-6EEA962A8CE2}.Debug|ARM.Build.0 = Debug|Any CPU
		{F116DE46-26F8-4FD7-9EC5-6EEA962A8CE2}.Debug|iPhone.ActiveCfg = Debug|Any CPU
		{F116DE46-26F8-4FD7-9EC5-6EEA962A8CE2}.Debug|iPhone.Build.0 = Debug|Any CPU
		{F116DE46-26F8-4FD7-9EC5-6EEA962A8CE2}.Debug|iPhoneSimulator.ActiveCfg = Debug|Any CPU
		{F116DE46-26F8-4FD7-9EC5-6EEA962A8CE2}.Debug|iPhoneSimulator.Build.0 = Debug|Any CPU
		{F116DE46-26F8-4FD7-9EC5-6EEA962A8CE2}.Debug|x64.ActiveCfg = Debug|Any CPU
		{F116DE46-26F8-4FD7-9EC5-6EEA962A8CE2}.Debug|x64.Build.0 = Debug|Any CPU
		{F116DE46-26F8-4FD7-9EC5-6EEA962A8CE2}.Debug|x86.ActiveCfg = Debug|Any CPU
		{F116DE46-26F8-4FD7-9EC5-6EEA962A8CE2}.Debug|x86.Build.0 = Debug|Any CPU
		{F116DE46-26F8-4FD7-9EC5-6EEA962A8CE2}.Release|Any CPU.ActiveCfg = Release|Any CPU
		{F116DE46-26F8-4FD7-9EC5-6EEA962A8CE2}.Release|Any CPU.Build.0 = Release|Any CPU
		{F116DE46-26F8-4FD7-9EC5-6EEA962A8CE2}.Release|ARM.ActiveCfg = Release|Any CPU
		{F116DE46-26F8-4FD7-9EC5-6EEA962A8CE2}.Release|ARM.Build.0 = Release|Any CPU
		{F116DE46-26F8-4FD7-9EC5-6EEA962A8CE2}.Release|iPhone.ActiveCfg = Release|Any CPU
		{F116DE46-26F8-4FD7-9EC5-6EEA962A8CE2}.Release|iPhone.Build.0 = Release|Any CPU
		{F116DE46-26F8-4FD7-9EC5-6EEA962A8CE2}.Release|iPhoneSimulator.ActiveCfg = Release|Any CPU
		{F116DE46-26F8-4FD7-9EC5-6EEA962A8CE2}.Release|iPhoneSimulator.Build.0 = Release|Any CPU
		{F116DE46-26F8-4FD7-9EC5-6EEA962A8CE2}.Release|x64.ActiveCfg = Release|Any CPU
		{F116DE46-26F8-4FD7-9EC5-6EEA962A8CE2}.Release|x64.Build.0 = Release|Any CPU
		{F116DE46-26F8-4FD7-9EC5-6EEA962A8CE2}.Release|x86.ActiveCfg = Release|Any CPU
		{F116DE46-26F8-4FD7-9EC5-6EEA962A8CE2}.Release|x86.Build.0 = Release|Any CPU
		{790235FC-3969-4816-BCAA-8C81B31B7BB5}.Ad-Hoc|Any CPU.ActiveCfg = Debug|Any CPU
		{790235FC-3969-4816-BCAA-8C81B31B7BB5}.Ad-Hoc|Any CPU.Build.0 = Debug|Any CPU
		{790235FC-3969-4816-BCAA-8C81B31B7BB5}.Ad-Hoc|ARM.ActiveCfg = Debug|Any CPU
		{790235FC-3969-4816-BCAA-8C81B31B7BB5}.Ad-Hoc|ARM.Build.0 = Debug|Any CPU
		{790235FC-3969-4816-BCAA-8C81B31B7BB5}.Ad-Hoc|iPhone.ActiveCfg = Debug|Any CPU
		{790235FC-3969-4816-BCAA-8C81B31B7BB5}.Ad-Hoc|iPhone.Build.0 = Debug|Any CPU
		{790235FC-3969-4816-BCAA-8C81B31B7BB5}.Ad-Hoc|iPhoneSimulator.ActiveCfg = Debug|Any CPU
		{790235FC-3969-4816-BCAA-8C81B31B7BB5}.Ad-Hoc|iPhoneSimulator.Build.0 = Debug|Any CPU
		{790235FC-3969-4816-BCAA-8C81B31B7BB5}.Ad-Hoc|x64.ActiveCfg = Debug|Any CPU
		{790235FC-3969-4816-BCAA-8C81B31B7BB5}.Ad-Hoc|x64.Build.0 = Debug|Any CPU
		{790235FC-3969-4816-BCAA-8C81B31B7BB5}.Ad-Hoc|x86.ActiveCfg = Debug|Any CPU
		{790235FC-3969-4816-BCAA-8C81B31B7BB5}.Ad-Hoc|x86.Build.0 = Debug|Any CPU
		{790235FC-3969-4816-BCAA-8C81B31B7BB5}.AppStore|Any CPU.ActiveCfg = Debug|Any CPU
		{790235FC-3969-4816-BCAA-8C81B31B7BB5}.AppStore|Any CPU.Build.0 = Debug|Any CPU
		{790235FC-3969-4816-BCAA-8C81B31B7BB5}.AppStore|ARM.ActiveCfg = Debug|Any CPU
		{790235FC-3969-4816-BCAA-8C81B31B7BB5}.AppStore|ARM.Build.0 = Debug|Any CPU
		{790235FC-3969-4816-BCAA-8C81B31B7BB5}.AppStore|iPhone.ActiveCfg = Debug|Any CPU
		{790235FC-3969-4816-BCAA-8C81B31B7BB5}.AppStore|iPhone.Build.0 = Debug|Any CPU
		{790235FC-3969-4816-BCAA-8C81B31B7BB5}.AppStore|iPhoneSimulator.ActiveCfg = Debug|Any CPU
		{790235FC-3969-4816-BCAA-8C81B31B7BB5}.AppStore|iPhoneSimulator.Build.0 = Debug|Any CPU
		{790235FC-3969-4816-BCAA-8C81B31B7BB5}.AppStore|x64.ActiveCfg = Debug|Any CPU
		{790235FC-3969-4816-BCAA-8C81B31B7BB5}.AppStore|x64.Build.0 = Debug|Any CPU
		{790235FC-3969-4816-BCAA-8C81B31B7BB5}.AppStore|x86.ActiveCfg = Debug|Any CPU
		{790235FC-3969-4816-BCAA-8C81B31B7BB5}.AppStore|x86.Build.0 = Debug|Any CPU
		{790235FC-3969-4816-BCAA-8C81B31B7BB5}.Debug|Any CPU.ActiveCfg = Debug|Any CPU
		{790235FC-3969-4816-BCAA-8C81B31B7BB5}.Debug|Any CPU.Build.0 = Debug|Any CPU
		{790235FC-3969-4816-BCAA-8C81B31B7BB5}.Debug|ARM.ActiveCfg = Debug|Any CPU
		{790235FC-3969-4816-BCAA-8C81B31B7BB5}.Debug|ARM.Build.0 = Debug|Any CPU
		{790235FC-3969-4816-BCAA-8C81B31B7BB5}.Debug|iPhone.ActiveCfg = Debug|Any CPU
		{790235FC-3969-4816-BCAA-8C81B31B7BB5}.Debug|iPhone.Build.0 = Debug|Any CPU
		{790235FC-3969-4816-BCAA-8C81B31B7BB5}.Debug|iPhoneSimulator.ActiveCfg = Debug|Any CPU
		{790235FC-3969-4816-BCAA-8C81B31B7BB5}.Debug|iPhoneSimulator.Build.0 = Debug|Any CPU
		{790235FC-3969-4816-BCAA-8C81B31B7BB5}.Debug|x64.ActiveCfg = Debug|Any CPU
		{790235FC-3969-4816-BCAA-8C81B31B7BB5}.Debug|x64.Build.0 = Debug|Any CPU
		{790235FC-3969-4816-BCAA-8C81B31B7BB5}.Debug|x86.ActiveCfg = Debug|Any CPU
		{790235FC-3969-4816-BCAA-8C81B31B7BB5}.Debug|x86.Build.0 = Debug|Any CPU
		{790235FC-3969-4816-BCAA-8C81B31B7BB5}.Release|Any CPU.ActiveCfg = Release|Any CPU
		{790235FC-3969-4816-BCAA-8C81B31B7BB5}.Release|Any CPU.Build.0 = Release|Any CPU
		{790235FC-3969-4816-BCAA-8C81B31B7BB5}.Release|ARM.ActiveCfg = Release|Any CPU
		{790235FC-3969-4816-BCAA-8C81B31B7BB5}.Release|ARM.Build.0 = Release|Any CPU
		{790235FC-3969-4816-BCAA-8C81B31B7BB5}.Release|iPhone.ActiveCfg = Release|Any CPU
		{790235FC-3969-4816-BCAA-8C81B31B7BB5}.Release|iPhone.Build.0 = Release|Any CPU
		{790235FC-3969-4816-BCAA-8C81B31B7BB5}.Release|iPhoneSimulator.ActiveCfg = Release|Any CPU
		{790235FC-3969-4816-BCAA-8C81B31B7BB5}.Release|iPhoneSimulator.Build.0 = Release|Any CPU
		{790235FC-3969-4816-BCAA-8C81B31B7BB5}.Release|x64.ActiveCfg = Release|Any CPU
		{790235FC-3969-4816-BCAA-8C81B31B7BB5}.Release|x64.Build.0 = Release|Any CPU
		{790235FC-3969-4816-BCAA-8C81B31B7BB5}.Release|x86.ActiveCfg = Release|Any CPU
		{790235FC-3969-4816-BCAA-8C81B31B7BB5}.Release|x86.Build.0 = Release|Any CPU
		{C22B5357-20AF-4BEB-BF98-31FE5065AE88}.Ad-Hoc|Any CPU.ActiveCfg = Release|Any CPU
		{C22B5357-20AF-4BEB-BF98-31FE5065AE88}.Ad-Hoc|Any CPU.Build.0 = Release|Any CPU
		{C22B5357-20AF-4BEB-BF98-31FE5065AE88}.Ad-Hoc|Any CPU.Deploy.0 = Release|Any CPU
		{C22B5357-20AF-4BEB-BF98-31FE5065AE88}.Ad-Hoc|ARM.ActiveCfg = Release|Any CPU
		{C22B5357-20AF-4BEB-BF98-31FE5065AE88}.Ad-Hoc|ARM.Build.0 = Release|Any CPU
		{C22B5357-20AF-4BEB-BF98-31FE5065AE88}.Ad-Hoc|ARM.Deploy.0 = Release|Any CPU
		{C22B5357-20AF-4BEB-BF98-31FE5065AE88}.Ad-Hoc|iPhone.ActiveCfg = Release|Any CPU
		{C22B5357-20AF-4BEB-BF98-31FE5065AE88}.Ad-Hoc|iPhone.Build.0 = Release|Any CPU
		{C22B5357-20AF-4BEB-BF98-31FE5065AE88}.Ad-Hoc|iPhone.Deploy.0 = Release|Any CPU
		{C22B5357-20AF-4BEB-BF98-31FE5065AE88}.Ad-Hoc|iPhoneSimulator.ActiveCfg = Release|Any CPU
		{C22B5357-20AF-4BEB-BF98-31FE5065AE88}.Ad-Hoc|iPhoneSimulator.Build.0 = Release|Any CPU
		{C22B5357-20AF-4BEB-BF98-31FE5065AE88}.Ad-Hoc|iPhoneSimulator.Deploy.0 = Release|Any CPU
		{C22B5357-20AF-4BEB-BF98-31FE5065AE88}.Ad-Hoc|x64.ActiveCfg = Release|Any CPU
		{C22B5357-20AF-4BEB-BF98-31FE5065AE88}.Ad-Hoc|x64.Build.0 = Release|Any CPU
		{C22B5357-20AF-4BEB-BF98-31FE5065AE88}.Ad-Hoc|x64.Deploy.0 = Release|Any CPU
		{C22B5357-20AF-4BEB-BF98-31FE5065AE88}.Ad-Hoc|x86.ActiveCfg = Release|Any CPU
		{C22B5357-20AF-4BEB-BF98-31FE5065AE88}.Ad-Hoc|x86.Build.0 = Release|Any CPU
		{C22B5357-20AF-4BEB-BF98-31FE5065AE88}.Ad-Hoc|x86.Deploy.0 = Release|Any CPU
		{C22B5357-20AF-4BEB-BF98-31FE5065AE88}.AppStore|Any CPU.ActiveCfg = Release|Any CPU
		{C22B5357-20AF-4BEB-BF98-31FE5065AE88}.AppStore|Any CPU.Build.0 = Release|Any CPU
		{C22B5357-20AF-4BEB-BF98-31FE5065AE88}.AppStore|Any CPU.Deploy.0 = Release|Any CPU
		{C22B5357-20AF-4BEB-BF98-31FE5065AE88}.AppStore|ARM.ActiveCfg = Release|Any CPU
		{C22B5357-20AF-4BEB-BF98-31FE5065AE88}.AppStore|ARM.Build.0 = Release|Any CPU
		{C22B5357-20AF-4BEB-BF98-31FE5065AE88}.AppStore|ARM.Deploy.0 = Release|Any CPU
		{C22B5357-20AF-4BEB-BF98-31FE5065AE88}.AppStore|iPhone.ActiveCfg = Release|Any CPU
		{C22B5357-20AF-4BEB-BF98-31FE5065AE88}.AppStore|iPhone.Build.0 = Release|Any CPU
		{C22B5357-20AF-4BEB-BF98-31FE5065AE88}.AppStore|iPhone.Deploy.0 = Release|Any CPU
		{C22B5357-20AF-4BEB-BF98-31FE5065AE88}.AppStore|iPhoneSimulator.ActiveCfg = Release|Any CPU
		{C22B5357-20AF-4BEB-BF98-31FE5065AE88}.AppStore|iPhoneSimulator.Build.0 = Release|Any CPU
		{C22B5357-20AF-4BEB-BF98-31FE5065AE88}.AppStore|iPhoneSimulator.Deploy.0 = Release|Any CPU
		{C22B5357-20AF-4BEB-BF98-31FE5065AE88}.AppStore|x64.ActiveCfg = Release|Any CPU
		{C22B5357-20AF-4BEB-BF98-31FE5065AE88}.AppStore|x64.Build.0 = Release|Any CPU
		{C22B5357-20AF-4BEB-BF98-31FE5065AE88}.AppStore|x64.Deploy.0 = Release|Any CPU
		{C22B5357-20AF-4BEB-BF98-31FE5065AE88}.AppStore|x86.ActiveCfg = Release|Any CPU
		{C22B5357-20AF-4BEB-BF98-31FE5065AE88}.AppStore|x86.Build.0 = Release|Any CPU
		{C22B5357-20AF-4BEB-BF98-31FE5065AE88}.AppStore|x86.Deploy.0 = Release|Any CPU
		{C22B5357-20AF-4BEB-BF98-31FE5065AE88}.Debug|Any CPU.ActiveCfg = Debug|Any CPU
		{C22B5357-20AF-4BEB-BF98-31FE5065AE88}.Debug|Any CPU.Build.0 = Debug|Any CPU
		{C22B5357-20AF-4BEB-BF98-31FE5065AE88}.Debug|Any CPU.Deploy.0 = Debug|Any CPU
		{C22B5357-20AF-4BEB-BF98-31FE5065AE88}.Debug|ARM.ActiveCfg = Debug|Any CPU
		{C22B5357-20AF-4BEB-BF98-31FE5065AE88}.Debug|ARM.Build.0 = Debug|Any CPU
		{C22B5357-20AF-4BEB-BF98-31FE5065AE88}.Debug|ARM.Deploy.0 = Debug|Any CPU
		{C22B5357-20AF-4BEB-BF98-31FE5065AE88}.Debug|iPhone.ActiveCfg = Debug|Any CPU
		{C22B5357-20AF-4BEB-BF98-31FE5065AE88}.Debug|iPhone.Build.0 = Debug|Any CPU
		{C22B5357-20AF-4BEB-BF98-31FE5065AE88}.Debug|iPhone.Deploy.0 = Debug|Any CPU
		{C22B5357-20AF-4BEB-BF98-31FE5065AE88}.Debug|iPhoneSimulator.ActiveCfg = Debug|Any CPU
		{C22B5357-20AF-4BEB-BF98-31FE5065AE88}.Debug|iPhoneSimulator.Build.0 = Debug|Any CPU
		{C22B5357-20AF-4BEB-BF98-31FE5065AE88}.Debug|iPhoneSimulator.Deploy.0 = Debug|Any CPU
		{C22B5357-20AF-4BEB-BF98-31FE5065AE88}.Debug|x64.ActiveCfg = Debug|Any CPU
		{C22B5357-20AF-4BEB-BF98-31FE5065AE88}.Debug|x64.Build.0 = Debug|Any CPU
		{C22B5357-20AF-4BEB-BF98-31FE5065AE88}.Debug|x64.Deploy.0 = Debug|Any CPU
		{C22B5357-20AF-4BEB-BF98-31FE5065AE88}.Debug|x86.ActiveCfg = Debug|Any CPU
		{C22B5357-20AF-4BEB-BF98-31FE5065AE88}.Debug|x86.Build.0 = Debug|Any CPU
		{C22B5357-20AF-4BEB-BF98-31FE5065AE88}.Debug|x86.Deploy.0 = Debug|Any CPU
		{C22B5357-20AF-4BEB-BF98-31FE5065AE88}.Release|Any CPU.ActiveCfg = Release|Any CPU
		{C22B5357-20AF-4BEB-BF98-31FE5065AE88}.Release|Any CPU.Build.0 = Release|Any CPU
		{C22B5357-20AF-4BEB-BF98-31FE5065AE88}.Release|Any CPU.Deploy.0 = Release|Any CPU
		{C22B5357-20AF-4BEB-BF98-31FE5065AE88}.Release|ARM.ActiveCfg = Release|Any CPU
		{C22B5357-20AF-4BEB-BF98-31FE5065AE88}.Release|ARM.Build.0 = Release|Any CPU
		{C22B5357-20AF-4BEB-BF98-31FE5065AE88}.Release|ARM.Deploy.0 = Release|Any CPU
		{C22B5357-20AF-4BEB-BF98-31FE5065AE88}.Release|iPhone.ActiveCfg = Release|Any CPU
		{C22B5357-20AF-4BEB-BF98-31FE5065AE88}.Release|iPhone.Build.0 = Release|Any CPU
		{C22B5357-20AF-4BEB-BF98-31FE5065AE88}.Release|iPhone.Deploy.0 = Release|Any CPU
		{C22B5357-20AF-4BEB-BF98-31FE5065AE88}.Release|iPhoneSimulator.ActiveCfg = Release|Any CPU
		{C22B5357-20AF-4BEB-BF98-31FE5065AE88}.Release|iPhoneSimulator.Build.0 = Release|Any CPU
		{C22B5357-20AF-4BEB-BF98-31FE5065AE88}.Release|iPhoneSimulator.Deploy.0 = Release|Any CPU
		{C22B5357-20AF-4BEB-BF98-31FE5065AE88}.Release|x64.ActiveCfg = Release|Any CPU
		{C22B5357-20AF-4BEB-BF98-31FE5065AE88}.Release|x64.Build.0 = Release|Any CPU
		{C22B5357-20AF-4BEB-BF98-31FE5065AE88}.Release|x64.Deploy.0 = Release|Any CPU
		{C22B5357-20AF-4BEB-BF98-31FE5065AE88}.Release|x86.ActiveCfg = Release|Any CPU
		{C22B5357-20AF-4BEB-BF98-31FE5065AE88}.Release|x86.Build.0 = Release|Any CPU
		{C22B5357-20AF-4BEB-BF98-31FE5065AE88}.Release|x86.Deploy.0 = Release|Any CPU
		{BFD22320-14C9-4838-A452-DE92CA0EE7C8}.Ad-Hoc|Any CPU.ActiveCfg = Ad-Hoc|iPhone
		{BFD22320-14C9-4838-A452-DE92CA0EE7C8}.Ad-Hoc|ARM.ActiveCfg = Ad-Hoc|iPhone
		{BFD22320-14C9-4838-A452-DE92CA0EE7C8}.Ad-Hoc|iPhone.ActiveCfg = Ad-Hoc|iPhone
		{BFD22320-14C9-4838-A452-DE92CA0EE7C8}.Ad-Hoc|iPhone.Build.0 = Ad-Hoc|iPhone
		{BFD22320-14C9-4838-A452-DE92CA0EE7C8}.Ad-Hoc|iPhoneSimulator.ActiveCfg = Ad-Hoc|iPhoneSimulator
		{BFD22320-14C9-4838-A452-DE92CA0EE7C8}.Ad-Hoc|iPhoneSimulator.Build.0 = Ad-Hoc|iPhoneSimulator
		{BFD22320-14C9-4838-A452-DE92CA0EE7C8}.Ad-Hoc|x64.ActiveCfg = Ad-Hoc|iPhone
		{BFD22320-14C9-4838-A452-DE92CA0EE7C8}.Ad-Hoc|x86.ActiveCfg = Ad-Hoc|iPhone
		{BFD22320-14C9-4838-A452-DE92CA0EE7C8}.AppStore|Any CPU.ActiveCfg = AppStore|iPhone
		{BFD22320-14C9-4838-A452-DE92CA0EE7C8}.AppStore|ARM.ActiveCfg = AppStore|iPhone
		{BFD22320-14C9-4838-A452-DE92CA0EE7C8}.AppStore|iPhone.ActiveCfg = AppStore|iPhone
		{BFD22320-14C9-4838-A452-DE92CA0EE7C8}.AppStore|iPhone.Build.0 = AppStore|iPhone
		{BFD22320-14C9-4838-A452-DE92CA0EE7C8}.AppStore|iPhoneSimulator.ActiveCfg = AppStore|iPhoneSimulator
		{BFD22320-14C9-4838-A452-DE92CA0EE7C8}.AppStore|iPhoneSimulator.Build.0 = AppStore|iPhoneSimulator
		{BFD22320-14C9-4838-A452-DE92CA0EE7C8}.AppStore|x64.ActiveCfg = AppStore|iPhone
		{BFD22320-14C9-4838-A452-DE92CA0EE7C8}.AppStore|x86.ActiveCfg = AppStore|iPhone
		{BFD22320-14C9-4838-A452-DE92CA0EE7C8}.Debug|Any CPU.ActiveCfg = Debug|iPhone
		{BFD22320-14C9-4838-A452-DE92CA0EE7C8}.Debug|ARM.ActiveCfg = Debug|iPhone
		{BFD22320-14C9-4838-A452-DE92CA0EE7C8}.Debug|iPhone.ActiveCfg = Debug|iPhone
		{BFD22320-14C9-4838-A452-DE92CA0EE7C8}.Debug|iPhone.Build.0 = Debug|iPhone
		{BFD22320-14C9-4838-A452-DE92CA0EE7C8}.Debug|iPhoneSimulator.ActiveCfg = Debug|iPhoneSimulator
		{BFD22320-14C9-4838-A452-DE92CA0EE7C8}.Debug|iPhoneSimulator.Build.0 = Debug|iPhoneSimulator
		{BFD22320-14C9-4838-A452-DE92CA0EE7C8}.Debug|x64.ActiveCfg = Debug|iPhone
		{BFD22320-14C9-4838-A452-DE92CA0EE7C8}.Debug|x86.ActiveCfg = Debug|iPhone
		{BFD22320-14C9-4838-A452-DE92CA0EE7C8}.Release|Any CPU.ActiveCfg = Release|iPhone
		{BFD22320-14C9-4838-A452-DE92CA0EE7C8}.Release|ARM.ActiveCfg = Release|iPhone
		{BFD22320-14C9-4838-A452-DE92CA0EE7C8}.Release|iPhone.ActiveCfg = Release|iPhone
		{BFD22320-14C9-4838-A452-DE92CA0EE7C8}.Release|iPhone.Build.0 = Release|iPhone
		{BFD22320-14C9-4838-A452-DE92CA0EE7C8}.Release|iPhoneSimulator.ActiveCfg = Release|iPhoneSimulator
		{BFD22320-14C9-4838-A452-DE92CA0EE7C8}.Release|iPhoneSimulator.Build.0 = Release|iPhoneSimulator
		{BFD22320-14C9-4838-A452-DE92CA0EE7C8}.Release|x64.ActiveCfg = Release|iPhone
		{BFD22320-14C9-4838-A452-DE92CA0EE7C8}.Release|x86.ActiveCfg = Release|iPhone
		{5EE12D08-4386-4133-91B4-FF1FC51BA005}.Ad-Hoc|Any CPU.ActiveCfg = Release|x86
		{5EE12D08-4386-4133-91B4-FF1FC51BA005}.Ad-Hoc|Any CPU.Build.0 = Release|x86
		{5EE12D08-4386-4133-91B4-FF1FC51BA005}.Ad-Hoc|Any CPU.Deploy.0 = Release|x86
		{5EE12D08-4386-4133-91B4-FF1FC51BA005}.Ad-Hoc|ARM.ActiveCfg = Release|ARM
		{5EE12D08-4386-4133-91B4-FF1FC51BA005}.Ad-Hoc|ARM.Build.0 = Release|ARM
		{5EE12D08-4386-4133-91B4-FF1FC51BA005}.Ad-Hoc|ARM.Deploy.0 = Release|ARM
		{5EE12D08-4386-4133-91B4-FF1FC51BA005}.Ad-Hoc|iPhone.ActiveCfg = Release|x86
		{5EE12D08-4386-4133-91B4-FF1FC51BA005}.Ad-Hoc|iPhone.Build.0 = Release|x86
		{5EE12D08-4386-4133-91B4-FF1FC51BA005}.Ad-Hoc|iPhone.Deploy.0 = Release|x86
		{5EE12D08-4386-4133-91B4-FF1FC51BA005}.Ad-Hoc|iPhoneSimulator.ActiveCfg = Release|x86
		{5EE12D08-4386-4133-91B4-FF1FC51BA005}.Ad-Hoc|iPhoneSimulator.Build.0 = Release|x86
		{5EE12D08-4386-4133-91B4-FF1FC51BA005}.Ad-Hoc|iPhoneSimulator.Deploy.0 = Release|x86
		{5EE12D08-4386-4133-91B4-FF1FC51BA005}.Ad-Hoc|x64.ActiveCfg = Release|x64
		{5EE12D08-4386-4133-91B4-FF1FC51BA005}.Ad-Hoc|x64.Build.0 = Release|x64
		{5EE12D08-4386-4133-91B4-FF1FC51BA005}.Ad-Hoc|x64.Deploy.0 = Release|x64
		{5EE12D08-4386-4133-91B4-FF1FC51BA005}.Ad-Hoc|x86.ActiveCfg = Release|x86
		{5EE12D08-4386-4133-91B4-FF1FC51BA005}.Ad-Hoc|x86.Build.0 = Release|x86
		{5EE12D08-4386-4133-91B4-FF1FC51BA005}.Ad-Hoc|x86.Deploy.0 = Release|x86
		{5EE12D08-4386-4133-91B4-FF1FC51BA005}.AppStore|Any CPU.ActiveCfg = Release|x86
		{5EE12D08-4386-4133-91B4-FF1FC51BA005}.AppStore|Any CPU.Build.0 = Release|x86
		{5EE12D08-4386-4133-91B4-FF1FC51BA005}.AppStore|Any CPU.Deploy.0 = Release|x86
		{5EE12D08-4386-4133-91B4-FF1FC51BA005}.AppStore|ARM.ActiveCfg = Release|ARM
		{5EE12D08-4386-4133-91B4-FF1FC51BA005}.AppStore|ARM.Build.0 = Release|ARM
		{5EE12D08-4386-4133-91B4-FF1FC51BA005}.AppStore|ARM.Deploy.0 = Release|ARM
		{5EE12D08-4386-4133-91B4-FF1FC51BA005}.AppStore|iPhone.ActiveCfg = Release|x86
		{5EE12D08-4386-4133-91B4-FF1FC51BA005}.AppStore|iPhone.Build.0 = Release|x86
		{5EE12D08-4386-4133-91B4-FF1FC51BA005}.AppStore|iPhone.Deploy.0 = Release|x86
		{5EE12D08-4386-4133-91B4-FF1FC51BA005}.AppStore|iPhoneSimulator.ActiveCfg = Release|x86
		{5EE12D08-4386-4133-91B4-FF1FC51BA005}.AppStore|iPhoneSimulator.Build.0 = Release|x86
		{5EE12D08-4386-4133-91B4-FF1FC51BA005}.AppStore|iPhoneSimulator.Deploy.0 = Release|x86
		{5EE12D08-4386-4133-91B4-FF1FC51BA005}.AppStore|x64.ActiveCfg = Release|x64
		{5EE12D08-4386-4133-91B4-FF1FC51BA005}.AppStore|x64.Build.0 = Release|x64
		{5EE12D08-4386-4133-91B4-FF1FC51BA005}.AppStore|x64.Deploy.0 = Release|x64
		{5EE12D08-4386-4133-91B4-FF1FC51BA005}.AppStore|x86.ActiveCfg = Release|x86
		{5EE12D08-4386-4133-91B4-FF1FC51BA005}.AppStore|x86.Build.0 = Release|x86
		{5EE12D08-4386-4133-91B4-FF1FC51BA005}.AppStore|x86.Deploy.0 = Release|x86
		{5EE12D08-4386-4133-91B4-FF1FC51BA005}.Debug|Any CPU.ActiveCfg = Debug|x86
		{5EE12D08-4386-4133-91B4-FF1FC51BA005}.Debug|ARM.ActiveCfg = Debug|ARM
		{5EE12D08-4386-4133-91B4-FF1FC51BA005}.Debug|ARM.Build.0 = Debug|ARM
		{5EE12D08-4386-4133-91B4-FF1FC51BA005}.Debug|ARM.Deploy.0 = Debug|ARM
		{5EE12D08-4386-4133-91B4-FF1FC51BA005}.Debug|iPhone.ActiveCfg = Debug|x86
		{5EE12D08-4386-4133-91B4-FF1FC51BA005}.Debug|iPhoneSimulator.ActiveCfg = Debug|x86
		{5EE12D08-4386-4133-91B4-FF1FC51BA005}.Debug|x64.ActiveCfg = Debug|x64
		{5EE12D08-4386-4133-91B4-FF1FC51BA005}.Debug|x64.Build.0 = Debug|x64
		{5EE12D08-4386-4133-91B4-FF1FC51BA005}.Debug|x64.Deploy.0 = Debug|x64
		{5EE12D08-4386-4133-91B4-FF1FC51BA005}.Debug|x86.ActiveCfg = Debug|x86
		{5EE12D08-4386-4133-91B4-FF1FC51BA005}.Debug|x86.Build.0 = Debug|x86
		{5EE12D08-4386-4133-91B4-FF1FC51BA005}.Debug|x86.Deploy.0 = Debug|x86
		{5EE12D08-4386-4133-91B4-FF1FC51BA005}.Release|Any CPU.ActiveCfg = Release|x86
		{5EE12D08-4386-4133-91B4-FF1FC51BA005}.Release|ARM.ActiveCfg = Release|ARM
		{5EE12D08-4386-4133-91B4-FF1FC51BA005}.Release|ARM.Build.0 = Release|ARM
		{5EE12D08-4386-4133-91B4-FF1FC51BA005}.Release|ARM.Deploy.0 = Release|ARM
		{5EE12D08-4386-4133-91B4-FF1FC51BA005}.Release|iPhone.ActiveCfg = Release|x86
		{5EE12D08-4386-4133-91B4-FF1FC51BA005}.Release|iPhoneSimulator.ActiveCfg = Release|x86
		{5EE12D08-4386-4133-91B4-FF1FC51BA005}.Release|x64.ActiveCfg = Release|x64
		{5EE12D08-4386-4133-91B4-FF1FC51BA005}.Release|x64.Build.0 = Release|x64
		{5EE12D08-4386-4133-91B4-FF1FC51BA005}.Release|x64.Deploy.0 = Release|x64
		{5EE12D08-4386-4133-91B4-FF1FC51BA005}.Release|x86.ActiveCfg = Release|x86
		{5EE12D08-4386-4133-91B4-FF1FC51BA005}.Release|x86.Build.0 = Release|x86
		{5EE12D08-4386-4133-91B4-FF1FC51BA005}.Release|x86.Deploy.0 = Release|x86
		{B3743B33-85C9-44F6-BAA2-2D8B7B943FCF}.Ad-Hoc|Any CPU.ActiveCfg = Debug|Any CPU
		{B3743B33-85C9-44F6-BAA2-2D8B7B943FCF}.Ad-Hoc|Any CPU.Build.0 = Debug|Any CPU
		{B3743B33-85C9-44F6-BAA2-2D8B7B943FCF}.Ad-Hoc|ARM.ActiveCfg = Debug|Any CPU
		{B3743B33-85C9-44F6-BAA2-2D8B7B943FCF}.Ad-Hoc|ARM.Build.0 = Debug|Any CPU
		{B3743B33-85C9-44F6-BAA2-2D8B7B943FCF}.Ad-Hoc|iPhone.ActiveCfg = Debug|Any CPU
		{B3743B33-85C9-44F6-BAA2-2D8B7B943FCF}.Ad-Hoc|iPhone.Build.0 = Debug|Any CPU
		{B3743B33-85C9-44F6-BAA2-2D8B7B943FCF}.Ad-Hoc|iPhoneSimulator.ActiveCfg = Debug|Any CPU
		{B3743B33-85C9-44F6-BAA2-2D8B7B943FCF}.Ad-Hoc|iPhoneSimulator.Build.0 = Debug|Any CPU
		{B3743B33-85C9-44F6-BAA2-2D8B7B943FCF}.Ad-Hoc|x64.ActiveCfg = Debug|Any CPU
		{B3743B33-85C9-44F6-BAA2-2D8B7B943FCF}.Ad-Hoc|x64.Build.0 = Debug|Any CPU
		{B3743B33-85C9-44F6-BAA2-2D8B7B943FCF}.Ad-Hoc|x86.ActiveCfg = Debug|Any CPU
		{B3743B33-85C9-44F6-BAA2-2D8B7B943FCF}.Ad-Hoc|x86.Build.0 = Debug|Any CPU
		{B3743B33-85C9-44F6-BAA2-2D8B7B943FCF}.AppStore|Any CPU.ActiveCfg = Debug|Any CPU
		{B3743B33-85C9-44F6-BAA2-2D8B7B943FCF}.AppStore|Any CPU.Build.0 = Debug|Any CPU
		{B3743B33-85C9-44F6-BAA2-2D8B7B943FCF}.AppStore|ARM.ActiveCfg = Debug|Any CPU
		{B3743B33-85C9-44F6-BAA2-2D8B7B943FCF}.AppStore|ARM.Build.0 = Debug|Any CPU
		{B3743B33-85C9-44F6-BAA2-2D8B7B943FCF}.AppStore|iPhone.ActiveCfg = Debug|Any CPU
		{B3743B33-85C9-44F6-BAA2-2D8B7B943FCF}.AppStore|iPhone.Build.0 = Debug|Any CPU
		{B3743B33-85C9-44F6-BAA2-2D8B7B943FCF}.AppStore|iPhoneSimulator.ActiveCfg = Debug|Any CPU
		{B3743B33-85C9-44F6-BAA2-2D8B7B943FCF}.AppStore|iPhoneSimulator.Build.0 = Debug|Any CPU
		{B3743B33-85C9-44F6-BAA2-2D8B7B943FCF}.AppStore|x64.ActiveCfg = Debug|Any CPU
		{B3743B33-85C9-44F6-BAA2-2D8B7B943FCF}.AppStore|x64.Build.0 = Debug|Any CPU
		{B3743B33-85C9-44F6-BAA2-2D8B7B943FCF}.AppStore|x86.ActiveCfg = Debug|Any CPU
		{B3743B33-85C9-44F6-BAA2-2D8B7B943FCF}.AppStore|x86.Build.0 = Debug|Any CPU
		{B3743B33-85C9-44F6-BAA2-2D8B7B943FCF}.Debug|Any CPU.ActiveCfg = Debug|Any CPU
		{B3743B33-85C9-44F6-BAA2-2D8B7B943FCF}.Debug|Any CPU.Build.0 = Debug|Any CPU
		{B3743B33-85C9-44F6-BAA2-2D8B7B943FCF}.Debug|ARM.ActiveCfg = Debug|Any CPU
		{B3743B33-85C9-44F6-BAA2-2D8B7B943FCF}.Debug|ARM.Build.0 = Debug|Any CPU
		{B3743B33-85C9-44F6-BAA2-2D8B7B943FCF}.Debug|iPhone.ActiveCfg = Debug|Any CPU
		{B3743B33-85C9-44F6-BAA2-2D8B7B943FCF}.Debug|iPhone.Build.0 = Debug|Any CPU
		{B3743B33-85C9-44F6-BAA2-2D8B7B943FCF}.Debug|iPhoneSimulator.ActiveCfg = Debug|Any CPU
		{B3743B33-85C9-44F6-BAA2-2D8B7B943FCF}.Debug|iPhoneSimulator.Build.0 = Debug|Any CPU
		{B3743B33-85C9-44F6-BAA2-2D8B7B943FCF}.Debug|x64.ActiveCfg = Debug|Any CPU
		{B3743B33-85C9-44F6-BAA2-2D8B7B943FCF}.Debug|x64.Build.0 = Debug|Any CPU
		{B3743B33-85C9-44F6-BAA2-2D8B7B943FCF}.Debug|x86.ActiveCfg = Debug|Any CPU
		{B3743B33-85C9-44F6-BAA2-2D8B7B943FCF}.Debug|x86.Build.0 = Debug|Any CPU
		{B3743B33-85C9-44F6-BAA2-2D8B7B943FCF}.Release|Any CPU.ActiveCfg = Release|Any CPU
		{B3743B33-85C9-44F6-BAA2-2D8B7B943FCF}.Release|Any CPU.Build.0 = Release|Any CPU
		{B3743B33-85C9-44F6-BAA2-2D8B7B943FCF}.Release|ARM.ActiveCfg = Release|Any CPU
		{B3743B33-85C9-44F6-BAA2-2D8B7B943FCF}.Release|ARM.Build.0 = Release|Any CPU
		{B3743B33-85C9-44F6-BAA2-2D8B7B943FCF}.Release|iPhone.ActiveCfg = Release|Any CPU
		{B3743B33-85C9-44F6-BAA2-2D8B7B943FCF}.Release|iPhone.Build.0 = Release|Any CPU
		{B3743B33-85C9-44F6-BAA2-2D8B7B943FCF}.Release|iPhoneSimulator.ActiveCfg = Release|Any CPU
		{B3743B33-85C9-44F6-BAA2-2D8B7B943FCF}.Release|iPhoneSimulator.Build.0 = Release|Any CPU
		{B3743B33-85C9-44F6-BAA2-2D8B7B943FCF}.Release|x64.ActiveCfg = Release|Any CPU
		{B3743B33-85C9-44F6-BAA2-2D8B7B943FCF}.Release|x64.Build.0 = Release|Any CPU
		{B3743B33-85C9-44F6-BAA2-2D8B7B943FCF}.Release|x86.ActiveCfg = Release|Any CPU
		{B3743B33-85C9-44F6-BAA2-2D8B7B943FCF}.Release|x86.Build.0 = Release|Any CPU
	EndGlobalSection
	GlobalSection(SolutionProperties) = preSolution
		HideSolutionNode = FALSE
	EndGlobalSection
	GlobalSection(NestedProjects) = preSolution
		{3099BD4A-3203-45E8-A682-8A5C4119F9BA} = {35798503-0605-4398-9148-393B355C08C7}
		{5665EB6F-0E67-40C8-BF70-B958877C6C72} = {D728994D-0CAD-4D83-839F-B2996B59493A}
		{8C66318A-8252-4409-AB7D-2DAD86C7C385} = {35798503-0605-4398-9148-393B355C08C7}
		{31E3F738-D6F2-40B5-B4A3-70D83CF6DADD} = {A8614528-8D92-40AB-B33B-F7411CE5970B}
		{607DCE0E-8FDA-4024-9066-458FF83A4213} = {28F9EE50-188E-4F60-A994-16CAFDE1DEEC}
		{F116DE46-26F8-4FD7-9EC5-6EEA962A8CE2} = {D728994D-0CAD-4D83-839F-B2996B59493A}
		{790235FC-3969-4816-BCAA-8C81B31B7BB5} = {D728994D-0CAD-4D83-839F-B2996B59493A}
		{C22B5357-20AF-4BEB-BF98-31FE5065AE88} = {A6CBF3D3-F943-4511-B34E-BC2C9412DF50}
		{BFD22320-14C9-4838-A452-DE92CA0EE7C8} = {A6CBF3D3-F943-4511-B34E-BC2C9412DF50}
		{5EE12D08-4386-4133-91B4-FF1FC51BA005} = {A6CBF3D3-F943-4511-B34E-BC2C9412DF50}
		{B3743B33-85C9-44F6-BAA2-2D8B7B943FCF} = {A6CBF3D3-F943-4511-B34E-BC2C9412DF50}
	EndGlobalSection
	GlobalSection(ExtensibilityGlobals) = postSolution
		SolutionGuid = {76DC117A-B782-4037-BFC9-93A1AE2CA47D}
	EndGlobalSection
EndGlobal
